// !$*UTF8*$!
{
	archiveVersion = 1;
	classes = {
	};
	objectVersion = 56;
	objects = {

/* Begin PBXBuildFile section */
		1B070CB62A99D30900D34A98 /* SearchMedicationModel.swift in Sources */ = {isa = PBXBuildFile; fileRef = 1B070CB52A99D30900D34A98 /* SearchMedicationModel.swift */; };
		1B070CBA2A9A2CDB00D34A98 /* DURAlertView.swift in Sources */ = {isa = PBXBuildFile; fileRef = 1B070CB92A9A2CDB00D34A98 /* DURAlertView.swift */; };
		1B070CBC2A9A45AB00D34A98 /* met.html in Resources */ = {isa = PBXBuildFile; fileRef = 1B070CBB2A9A45AB00D34A98 /* met.html */; };
		1B070CC02A9A63F700D34A98 /* RecallAlertView.swift in Sources */ = {isa = PBXBuildFile; fileRef = 1B070CBF2A9A63F700D34A98 /* RecallAlertView.swift */; };
		1B3C2D3E2A98BE4A00CAE5B8 /* MedicineDetailView.swift in Sources */ = {isa = PBXBuildFile; fileRef = 1B3C2D3D2A98BE4A00CAE5B8 /* MedicineDetailView.swift */; };
		1B3C2D412A98E7BE00CAE5B8 /* SwiftSoup in Frameworks */ = {isa = PBXBuildFile; productRef = 1B3C2D402A98E7BE00CAE5B8 /* SwiftSoup */; };
		1B3C2D432A98ED7000CAE5B8 /* empty.html in Resources */ = {isa = PBXBuildFile; fileRef = 1B3C2D422A98ED7000CAE5B8 /* empty.html */; };
		1B3C2D472A98F4A400CAE5B8 /* MedicationModel.swift in Sources */ = {isa = PBXBuildFile; fileRef = 1B3C2D462A98F4A400CAE5B8 /* MedicationModel.swift */; };
		1B3C2D492A99906200CAE5B8 /* SearchMedicationView.swift in Sources */ = {isa = PBXBuildFile; fileRef = 1B3C2D482A99906200CAE5B8 /* SearchMedicationView.swift */; };
		3D377D4C2A9951D400FEA657 /* Group 64.png in Resources */ = {isa = PBXBuildFile; fileRef = 3D377D4B2A9951D400FEA657 /* Group 64.png */; };
		3D377D4F2A9952CB00FEA657 /* ChatBotMainView.swift in Sources */ = {isa = PBXBuildFile; fileRef = 3D377D4E2A9952CB00FEA657 /* ChatBotMainView.swift */; };
		3D377D512A99B45F00FEA657 /* InChatCharacter.png in Resources */ = {isa = PBXBuildFile; fileRef = 3D377D502A99B45F00FEA657 /* InChatCharacter.png */; };
		3D3C14982A9A41E50048CB27 /* Group 66.png in Resources */ = {isa = PBXBuildFile; fileRef = 3D3C14952A9A41E40048CB27 /* Group 66.png */; };
		3D3C14992A9A41E50048CB27 /* Group 66@2x.png in Resources */ = {isa = PBXBuildFile; fileRef = 3D3C14962A9A41E40048CB27 /* Group 66@2x.png */; };
		3D3C149A2A9A41E50048CB27 /* Group 66@3x.png in Resources */ = {isa = PBXBuildFile; fileRef = 3D3C14972A9A41E40048CB27 /* Group 66@3x.png */; };
		3D5ED5C32A97962600CAFCEC /* YakssokApp.swift in Sources */ = {isa = PBXBuildFile; fileRef = 3D5ED5C22A97962600CAFCEC /* YakssokApp.swift */; };
		3D5ED5C52A97962600CAFCEC /* ContentView.swift in Sources */ = {isa = PBXBuildFile; fileRef = 3D5ED5C42A97962600CAFCEC /* ContentView.swift */; };
		3D5ED5C72A97962600CAFCEC /* Assets.xcassets in Resources */ = {isa = PBXBuildFile; fileRef = 3D5ED5C62A97962600CAFCEC /* Assets.xcassets */; };
		3D5ED5CA2A97962600CAFCEC /* Preview Assets.xcassets in Resources */ = {isa = PBXBuildFile; fileRef = 3D5ED5C92A97962600CAFCEC /* Preview Assets.xcassets */; };
		3D5ED5D42A979C2E00CAFCEC /* Ex+ Color.swift in Sources */ = {isa = PBXBuildFile; fileRef = 3D5ED5D32A979C2E00CAFCEC /* Ex+ Color.swift */; };
		3D5ED5E12A97A38E00CAFCEC /* Ex+ Font.swift in Sources */ = {isa = PBXBuildFile; fileRef = 3D5ED5E02A97A38E00CAFCEC /* Ex+ Font.swift */; };
		3D5ED5EB2A97AC0E00CAFCEC /* Pretendard-Regular.otf in Resources */ = {isa = PBXBuildFile; fileRef = 3D5ED5E82A97AC0E00CAFCEC /* Pretendard-Regular.otf */; };
		3D5ED5EC2A97AC0E00CAFCEC /* Pretendard-Bold.otf in Resources */ = {isa = PBXBuildFile; fileRef = 3D5ED5E92A97AC0E00CAFCEC /* Pretendard-Bold.otf */; };
		3D5ED5ED2A97AC0E00CAFCEC /* Pretendard-SemiBold.otf in Resources */ = {isa = PBXBuildFile; fileRef = 3D5ED5EA2A97AC0E00CAFCEC /* Pretendard-SemiBold.otf */; };
		3D5ED5F62A98BA2300CAFCEC /* AddGuideView.swift in Sources */ = {isa = PBXBuildFile; fileRef = 3D5ED5F52A98BA2300CAFCEC /* AddGuideView.swift */; };
		3D5ED5F82A98C51600CAFCEC /* MainView.swift in Sources */ = {isa = PBXBuildFile; fileRef = 3D5ED5F72A98C51600CAFCEC /* MainView.swift */; };
		3D5ED5FA2A98CAE800CAFCEC /* DateCalendarView.swift in Sources */ = {isa = PBXBuildFile; fileRef = 3D5ED5F92A98CAE800CAFCEC /* DateCalendarView.swift */; };
		3D5ED5FC2A98D2B600CAFCEC /* DateComponent.swift in Sources */ = {isa = PBXBuildFile; fileRef = 3D5ED5FB2A98D2B600CAFCEC /* DateComponent.swift */; };
		3D5ED5FE2A98FA7700CAFCEC /* MedicineGroupRow.swift in Sources */ = {isa = PBXBuildFile; fileRef = 3D5ED5FD2A98FA7700CAFCEC /* MedicineGroupRow.swift */; };
		3D5ED6002A98FC3200CAFCEC /* MedicineRow.swift in Sources */ = {isa = PBXBuildFile; fileRef = 3D5ED5FF2A98FC3200CAFCEC /* MedicineRow.swift */; };
		3D5ED6022A99007500CAFCEC /* Ex+ View.swift in Sources */ = {isa = PBXBuildFile; fileRef = 3D5ED6012A99007500CAFCEC /* Ex+ View.swift */; };
		3D5ED6042A990E0500CAFCEC /* Ex+ Transition.swift in Sources */ = {isa = PBXBuildFile; fileRef = 3D5ED6032A990E0400CAFCEC /* Ex+ Transition.swift */; };
		3D5ED6062A99122400CAFCEC /* MedicineModel.swift in Sources */ = {isa = PBXBuildFile; fileRef = 3D5ED6052A99122400CAFCEC /* MedicineModel.swift */; };
		3D5ED6082A99123500CAFCEC /* MedicineGroupModel.swift in Sources */ = {isa = PBXBuildFile; fileRef = 3D5ED6072A99123500CAFCEC /* MedicineGroupModel.swift */; };
		3D5ED60A2A991D8600CAFCEC /* MedicationManagementViewModel.swift in Sources */ = {isa = PBXBuildFile; fileRef = 3D5ED6092A991D8600CAFCEC /* MedicationManagementViewModel.swift */; };
		3D5ED60C2A991E4F00CAFCEC /* ManagedMedicineModel.swift in Sources */ = {isa = PBXBuildFile; fileRef = 3D5ED60B2A991E4F00CAFCEC /* ManagedMedicineModel.swift */; };
		5B5EE5132A9A3E5B00402D8E /* PersonAddView.swift in Sources */ = {isa = PBXBuildFile; fileRef = 5B5EE5122A9A3E5B00402D8E /* PersonAddView.swift */; };
/* End PBXBuildFile section */

/* Begin PBXFileReference section */
		1B070CB52A99D30900D34A98 /* SearchMedicationModel.swift */ = {isa = PBXFileReference; lastKnownFileType = sourcecode.swift; path = SearchMedicationModel.swift; sourceTree = "<group>"; };
		1B070CB92A9A2CDB00D34A98 /* DURAlertView.swift */ = {isa = PBXFileReference; lastKnownFileType = sourcecode.swift; path = DURAlertView.swift; sourceTree = "<group>"; };
		1B070CBB2A9A45AB00D34A98 /* met.html */ = {isa = PBXFileReference; lastKnownFileType = text.html; path = met.html; sourceTree = "<group>"; };
		1B070CBF2A9A63F700D34A98 /* RecallAlertView.swift */ = {isa = PBXFileReference; lastKnownFileType = sourcecode.swift; path = RecallAlertView.swift; sourceTree = "<group>"; };
		1B3C2D3D2A98BE4A00CAE5B8 /* MedicineDetailView.swift */ = {isa = PBXFileReference; lastKnownFileType = sourcecode.swift; path = MedicineDetailView.swift; sourceTree = "<group>"; };
		1B3C2D422A98ED7000CAE5B8 /* empty.html */ = {isa = PBXFileReference; lastKnownFileType = text.html; path = empty.html; sourceTree = "<group>"; };
		1B3C2D462A98F4A400CAE5B8 /* MedicationModel.swift */ = {isa = PBXFileReference; lastKnownFileType = sourcecode.swift; path = MedicationModel.swift; sourceTree = "<group>"; };
		1B3C2D482A99906200CAE5B8 /* SearchMedicationView.swift */ = {isa = PBXFileReference; lastKnownFileType = sourcecode.swift; path = SearchMedicationView.swift; sourceTree = "<group>"; };
		3D377D4B2A9951D400FEA657 /* Group 64.png */ = {isa = PBXFileReference; lastKnownFileType = image.png; path = "Group 64.png"; sourceTree = "<group>"; };
		3D377D4E2A9952CB00FEA657 /* ChatBotMainView.swift */ = {isa = PBXFileReference; lastKnownFileType = sourcecode.swift; path = ChatBotMainView.swift; sourceTree = "<group>"; };
		3D377D502A99B45F00FEA657 /* InChatCharacter.png */ = {isa = PBXFileReference; lastKnownFileType = image.png; path = InChatCharacter.png; sourceTree = "<group>"; };
		3D3C14952A9A41E40048CB27 /* Group 66.png */ = {isa = PBXFileReference; lastKnownFileType = image.png; path = "Group 66.png"; sourceTree = "<group>"; };
		3D3C14962A9A41E40048CB27 /* Group 66@2x.png */ = {isa = PBXFileReference; lastKnownFileType = image.png; path = "Group 66@2x.png"; sourceTree = "<group>"; };
		3D3C14972A9A41E40048CB27 /* Group 66@3x.png */ = {isa = PBXFileReference; lastKnownFileType = image.png; path = "Group 66@3x.png"; sourceTree = "<group>"; };
		3D5ED5BF2A97962600CAFCEC /* Yakssok.app */ = {isa = PBXFileReference; explicitFileType = wrapper.application; includeInIndex = 0; path = Yakssok.app; sourceTree = BUILT_PRODUCTS_DIR; };
		3D5ED5C22A97962600CAFCEC /* YakssokApp.swift */ = {isa = PBXFileReference; lastKnownFileType = sourcecode.swift; path = YakssokApp.swift; sourceTree = "<group>"; };
		3D5ED5C42A97962600CAFCEC /* ContentView.swift */ = {isa = PBXFileReference; lastKnownFileType = sourcecode.swift; path = ContentView.swift; sourceTree = "<group>"; };
		3D5ED5C62A97962600CAFCEC /* Assets.xcassets */ = {isa = PBXFileReference; lastKnownFileType = folder.assetcatalog; path = Assets.xcassets; sourceTree = "<group>"; };
		3D5ED5C92A97962600CAFCEC /* Preview Assets.xcassets */ = {isa = PBXFileReference; lastKnownFileType = folder.assetcatalog; path = "Preview Assets.xcassets"; sourceTree = "<group>"; };
		3D5ED5D32A979C2E00CAFCEC /* Ex+ Color.swift */ = {isa = PBXFileReference; lastKnownFileType = sourcecode.swift; path = "Ex+ Color.swift"; sourceTree = "<group>"; };
		3D5ED5E02A97A38E00CAFCEC /* Ex+ Font.swift */ = {isa = PBXFileReference; lastKnownFileType = sourcecode.swift; path = "Ex+ Font.swift"; sourceTree = "<group>"; };
		3D5ED5E82A97AC0E00CAFCEC /* Pretendard-Regular.otf */ = {isa = PBXFileReference; lastKnownFileType = file; path = "Pretendard-Regular.otf"; sourceTree = "<group>"; };
		3D5ED5E92A97AC0E00CAFCEC /* Pretendard-Bold.otf */ = {isa = PBXFileReference; lastKnownFileType = file; path = "Pretendard-Bold.otf"; sourceTree = "<group>"; };
		3D5ED5EA2A97AC0E00CAFCEC /* Pretendard-SemiBold.otf */ = {isa = PBXFileReference; lastKnownFileType = file; path = "Pretendard-SemiBold.otf"; sourceTree = "<group>"; };
		3D5ED5EE2A97ACA700CAFCEC /* Info.plist */ = {isa = PBXFileReference; lastKnownFileType = text.plist.xml; path = Info.plist; sourceTree = "<group>"; };
		3D5ED5EF2A97ADB000CAFCEC /* README.md */ = {isa = PBXFileReference; lastKnownFileType = net.daringfireball.markdown; path = README.md; sourceTree = "<group>"; };
		3D5ED5F22A97AE0700CAFCEC /* README.md */ = {isa = PBXFileReference; lastKnownFileType = net.daringfireball.markdown; path = README.md; sourceTree = "<group>"; };
		3D5ED5F52A98BA2300CAFCEC /* AddGuideView.swift */ = {isa = PBXFileReference; lastKnownFileType = sourcecode.swift; path = AddGuideView.swift; sourceTree = "<group>"; };
		3D5ED5F72A98C51600CAFCEC /* MainView.swift */ = {isa = PBXFileReference; lastKnownFileType = sourcecode.swift; path = MainView.swift; sourceTree = "<group>"; };
		3D5ED5F92A98CAE800CAFCEC /* DateCalendarView.swift */ = {isa = PBXFileReference; lastKnownFileType = sourcecode.swift; path = DateCalendarView.swift; sourceTree = "<group>"; };
		3D5ED5FB2A98D2B600CAFCEC /* DateComponent.swift */ = {isa = PBXFileReference; lastKnownFileType = sourcecode.swift; path = DateComponent.swift; sourceTree = "<group>"; };
		3D5ED5FD2A98FA7700CAFCEC /* MedicineGroupRow.swift */ = {isa = PBXFileReference; lastKnownFileType = sourcecode.swift; path = MedicineGroupRow.swift; sourceTree = "<group>"; };
		3D5ED5FF2A98FC3200CAFCEC /* MedicineRow.swift */ = {isa = PBXFileReference; lastKnownFileType = sourcecode.swift; path = MedicineRow.swift; sourceTree = "<group>"; };
		3D5ED6012A99007500CAFCEC /* Ex+ View.swift */ = {isa = PBXFileReference; lastKnownFileType = sourcecode.swift; path = "Ex+ View.swift"; sourceTree = "<group>"; };
		3D5ED6032A990E0400CAFCEC /* Ex+ Transition.swift */ = {isa = PBXFileReference; lastKnownFileType = sourcecode.swift; path = "Ex+ Transition.swift"; sourceTree = "<group>"; };
		3D5ED6052A99122400CAFCEC /* MedicineModel.swift */ = {isa = PBXFileReference; lastKnownFileType = sourcecode.swift; path = MedicineModel.swift; sourceTree = "<group>"; };
		3D5ED6072A99123500CAFCEC /* MedicineGroupModel.swift */ = {isa = PBXFileReference; lastKnownFileType = sourcecode.swift; path = MedicineGroupModel.swift; sourceTree = "<group>"; };
		3D5ED6092A991D8600CAFCEC /* MedicationManagementViewModel.swift */ = {isa = PBXFileReference; lastKnownFileType = sourcecode.swift; path = MedicationManagementViewModel.swift; sourceTree = "<group>"; };
		3D5ED60B2A991E4F00CAFCEC /* ManagedMedicineModel.swift */ = {isa = PBXFileReference; lastKnownFileType = sourcecode.swift; path = ManagedMedicineModel.swift; sourceTree = "<group>"; };
		5B5EE5122A9A3E5B00402D8E /* PersonAddView.swift */ = {isa = PBXFileReference; lastKnownFileType = sourcecode.swift; path = PersonAddView.swift; sourceTree = "<group>"; };
/* End PBXFileReference section */

/* Begin PBXFrameworksBuildPhase section */
		3D5ED5BC2A97962600CAFCEC /* Frameworks */ = {
			isa = PBXFrameworksBuildPhase;
			buildActionMask = 2147483647;
			files = (
				1B3C2D412A98E7BE00CAE5B8 /* SwiftSoup in Frameworks */,
			);
			runOnlyForDeploymentPostprocessing = 0;
		};
/* End PBXFrameworksBuildPhase section */

/* Begin PBXGroup section */
		3D377D4A2A9951B600FEA657 /* Images */ = {
			isa = PBXGroup;
			children = (
				3D377D502A99B45F00FEA657 /* InChatCharacter.png */,
				3D3C14952A9A41E40048CB27 /* Group 66.png */,
				3D3C14962A9A41E40048CB27 /* Group 66@2x.png */,
				3D3C14972A9A41E40048CB27 /* Group 66@3x.png */,
				3D377D4B2A9951D400FEA657 /* Group 64.png */,
			);
			path = Images;
			sourceTree = "<group>";
		};
		3D377D4D2A9952B700FEA657 /* ChatBotView */ = {
			isa = PBXGroup;
			children = (
				3D377D4E2A9952CB00FEA657 /* ChatBotMainView.swift */,
			);
			path = ChatBotView;
			sourceTree = "<group>";
		};
		3D5ED5B62A97962500CAFCEC = {
			isa = PBXGroup;
			children = (
				3D5ED5C12A97962600CAFCEC /* Yakssok */,
				3D5ED5C02A97962600CAFCEC /* Products */,
			);
			sourceTree = "<group>";
		};
		3D5ED5C02A97962600CAFCEC /* Products */ = {
			isa = PBXGroup;
			children = (
				3D5ED5BF2A97962600CAFCEC /* Yakssok.app */,
			);
			name = Products;
			sourceTree = "<group>";
		};
		3D5ED5C12A97962600CAFCEC /* Yakssok */ = {
			isa = PBXGroup;
			children = (
				3D5ED5C22A97962600CAFCEC /* YakssokApp.swift */,
				3D5ED5D02A979BF100CAFCEC /* View */,
				3D5ED5F12A97ADD700CAFCEC /* ViewModel */,
				3D5ED5D12A979BF700CAFCEC /* Model */,
				3D5ED5D22A979BFE00CAFCEC /* Extensions */,
				3D5ED5D52A97A33400CAFCEC /* Resources */,
				3D5ED5C62A97962600CAFCEC /* Assets.xcassets */,
				3D5ED5C82A97962600CAFCEC /* Preview Content */,
			);
			path = Yakssok;
			sourceTree = "<group>";
		};
		3D5ED5C82A97962600CAFCEC /* Preview Content */ = {
			isa = PBXGroup;
			children = (
				3D5ED5C92A97962600CAFCEC /* Preview Assets.xcassets */,
			);
			path = "Preview Content";
			sourceTree = "<group>";
		};
		3D5ED5D02A979BF100CAFCEC /* View */ = {
			isa = PBXGroup;
			children = (
				3D5ED5C42A97962600CAFCEC /* ContentView.swift */,
				3D5ED5F32A98B97700CAFCEC /* AIPharmacist */,
				1B3C2D3D2A98BE4A00CAE5B8 /* MedicineDetailView.swift */,
				1B3C2D422A98ED7000CAE5B8 /* empty.html */,
				1B070CBB2A9A45AB00D34A98 /* met.html */,
				1B3C2D482A99906200CAE5B8 /* SearchMedicationView.swift */,
				1B070CB92A9A2CDB00D34A98 /* DURAlertView.swift */,
				1B070CBF2A9A63F700D34A98 /* RecallAlertView.swift */,
			);
			path = View;
			sourceTree = "<group>";
		};
		3D5ED5D12A979BF700CAFCEC /* Model */ = {
			isa = PBXGroup;
			children = (
				3D5ED5EF2A97ADB000CAFCEC /* README.md */,
				3D5ED6052A99122400CAFCEC /* MedicineModel.swift */,
				3D5ED6072A99123500CAFCEC /* MedicineGroupModel.swift */,
				3D5ED60B2A991E4F00CAFCEC /* ManagedMedicineModel.swift */,
				1B3C2D462A98F4A400CAE5B8 /* MedicationModel.swift */,
				1B070CB52A99D30900D34A98 /* SearchMedicationModel.swift */,
			);
			path = Model;
			sourceTree = "<group>";
		};
		3D5ED5D22A979BFE00CAFCEC /* Extensions */ = {
			isa = PBXGroup;
			children = (
				3D5ED5D32A979C2E00CAFCEC /* Ex+ Color.swift */,
				3D5ED5E02A97A38E00CAFCEC /* Ex+ Font.swift */,
				3D5ED6012A99007500CAFCEC /* Ex+ View.swift */,
				3D5ED6032A990E0400CAFCEC /* Ex+ Transition.swift */,
			);
			path = Extensions;
			sourceTree = "<group>";
		};
		3D5ED5D52A97A33400CAFCEC /* Resources */ = {
			isa = PBXGroup;
			children = (
				3D5ED5EE2A97ACA700CAFCEC /* Info.plist */,
				3D5ED5DF2A97A36100CAFCEC /* Font */,
				3D377D4A2A9951B600FEA657 /* Images */,
			);
			path = Resources;
			sourceTree = "<group>";
		};
		3D5ED5DF2A97A36100CAFCEC /* Font */ = {
			isa = PBXGroup;
			children = (
				3D5ED5E92A97AC0E00CAFCEC /* Pretendard-Bold.otf */,
				3D5ED5E82A97AC0E00CAFCEC /* Pretendard-Regular.otf */,
				3D5ED5EA2A97AC0E00CAFCEC /* Pretendard-SemiBold.otf */,
			);
			path = Font;
			sourceTree = "<group>";
		};
		3D5ED5F12A97ADD700CAFCEC /* ViewModel */ = {
			isa = PBXGroup;
			children = (
				3D5ED5F22A97AE0700CAFCEC /* README.md */,
				3D5ED6092A991D8600CAFCEC /* MedicationManagementViewModel.swift */,
			);
			path = ViewModel;
			sourceTree = "<group>";
		};
		3D5ED5F32A98B97700CAFCEC /* AIPharmacist */ = {
			isa = PBXGroup;
			children = (
				3D5ED5F42A98B9C000CAFCEC /* MedicationManagement */,
			);
			path = AIPharmacist;
			sourceTree = "<group>";
		};
		3D5ED5F42A98B9C000CAFCEC /* MedicationManagement */ = {
			isa = PBXGroup;
			children = (
				3D377D4D2A9952B700FEA657 /* ChatBotView */,
				3D5ED5F52A98BA2300CAFCEC /* AddGuideView.swift */,
				3D5ED5F72A98C51600CAFCEC /* MainView.swift */,
				3D5ED5F92A98CAE800CAFCEC /* DateCalendarView.swift */,
				3D5ED5FB2A98D2B600CAFCEC /* DateComponent.swift */,
				5B5EE5122A9A3E5B00402D8E /* PersonAddView.swift */,
				3D5ED5FD2A98FA7700CAFCEC /* MedicineGroupRow.swift */,
				3D5ED5FF2A98FC3200CAFCEC /* MedicineRow.swift */,
			);
			path = MedicationManagement;
			sourceTree = "<group>";
		};
/* End PBXGroup section */

/* Begin PBXNativeTarget section */
		3D5ED5BE2A97962600CAFCEC /* Yakssok */ = {
			isa = PBXNativeTarget;
			buildConfigurationList = 3D5ED5CD2A97962600CAFCEC /* Build configuration list for PBXNativeTarget "Yakssok" */;
			buildPhases = (
				3D5ED5BB2A97962600CAFCEC /* Sources */,
				3D5ED5BC2A97962600CAFCEC /* Frameworks */,
				3D5ED5BD2A97962600CAFCEC /* Resources */,
			);
			buildRules = (
			);
			dependencies = (
			);
			name = Yakssok;
			packageProductDependencies = (
				1B3C2D402A98E7BE00CAE5B8 /* SwiftSoup */,
			);
			productName = Yakssok;
			productReference = 3D5ED5BF2A97962600CAFCEC /* Yakssok.app */;
			productType = "com.apple.product-type.application";
		};
/* End PBXNativeTarget section */

/* Begin PBXProject section */
		3D5ED5B72A97962500CAFCEC /* Project object */ = {
			isa = PBXProject;
			attributes = {
				BuildIndependentTargetsInParallel = 1;
				LastSwiftUpdateCheck = 1430;
				LastUpgradeCheck = 1430;
				TargetAttributes = {
					3D5ED5BE2A97962600CAFCEC = {
						CreatedOnToolsVersion = 14.3;
					};
				};
			};
			buildConfigurationList = 3D5ED5BA2A97962500CAFCEC /* Build configuration list for PBXProject "Yakssok" */;
			compatibilityVersion = "Xcode 14.0";
			developmentRegion = en;
			hasScannedForEncodings = 0;
			knownRegions = (
				en,
				Base,
			);
			mainGroup = 3D5ED5B62A97962500CAFCEC;
			packageReferences = (
				1B3C2D3F2A98E7BD00CAE5B8 /* XCRemoteSwiftPackageReference "SwiftSoup" */,
			);
			productRefGroup = 3D5ED5C02A97962600CAFCEC /* Products */;
			projectDirPath = "";
			projectRoot = "";
			targets = (
				3D5ED5BE2A97962600CAFCEC /* Yakssok */,
			);
		};
/* End PBXProject section */

/* Begin PBXResourcesBuildPhase section */
		3D5ED5BD2A97962600CAFCEC /* Resources */ = {
			isa = PBXResourcesBuildPhase;
			buildActionMask = 2147483647;
			files = (
				3D3C14982A9A41E50048CB27 /* Group 66.png in Resources */,
				3D5ED5CA2A97962600CAFCEC /* Preview Assets.xcassets in Resources */,
				1B070CBC2A9A45AB00D34A98 /* met.html in Resources */,
				3D5ED5EC2A97AC0E00CAFCEC /* Pretendard-Bold.otf in Resources */,
				3D377D512A99B45F00FEA657 /* InChatCharacter.png in Resources */,
				3D377D4C2A9951D400FEA657 /* Group 64.png in Resources */,
				3D5ED5ED2A97AC0E00CAFCEC /* Pretendard-SemiBold.otf in Resources */,
				3D5ED5EB2A97AC0E00CAFCEC /* Pretendard-Regular.otf in Resources */,
				3D3C149A2A9A41E50048CB27 /* Group 66@3x.png in Resources */,
				3D3C14992A9A41E50048CB27 /* Group 66@2x.png in Resources */,
				1B3C2D432A98ED7000CAE5B8 /* empty.html in Resources */,
				3D5ED5C72A97962600CAFCEC /* Assets.xcassets in Resources */,
			);
			runOnlyForDeploymentPostprocessing = 0;
		};
/* End PBXResourcesBuildPhase section */

/* Begin PBXSourcesBuildPhase section */
		3D5ED5BB2A97962600CAFCEC /* Sources */ = {
			isa = PBXSourcesBuildPhase;
			buildActionMask = 2147483647;
			files = (
				1B070CBA2A9A2CDB00D34A98 /* DURAlertView.swift in Sources */,
				3D5ED5E12A97A38E00CAFCEC /* Ex+ Font.swift in Sources */,
				3D5ED60C2A991E4F00CAFCEC /* ManagedMedicineModel.swift in Sources */,
				3D5ED6062A99122400CAFCEC /* MedicineModel.swift in Sources */,
				3D5ED5F82A98C51600CAFCEC /* MainView.swift in Sources */,
				3D5ED5C52A97962600CAFCEC /* ContentView.swift in Sources */,
				3D5ED5F62A98BA2300CAFCEC /* AddGuideView.swift in Sources */,
				3D377D4F2A9952CB00FEA657 /* ChatBotMainView.swift in Sources */,
				3D5ED5FE2A98FA7700CAFCEC /* MedicineGroupRow.swift in Sources */,
				3D5ED6022A99007500CAFCEC /* Ex+ View.swift in Sources */,
				3D5ED6082A99123500CAFCEC /* MedicineGroupModel.swift in Sources */,
				3D5ED5C32A97962600CAFCEC /* YakssokApp.swift in Sources */,
				3D5ED6002A98FC3200CAFCEC /* MedicineRow.swift in Sources */,
				3D5ED60A2A991D8600CAFCEC /* MedicationManagementViewModel.swift in Sources */,
				3D5ED5FA2A98CAE800CAFCEC /* DateCalendarView.swift in Sources */,
				1B3C2D492A99906200CAE5B8 /* SearchMedicationView.swift in Sources */,
				3D5ED6042A990E0500CAFCEC /* Ex+ Transition.swift in Sources */,
				3D5ED5FC2A98D2B600CAFCEC /* DateComponent.swift in Sources */,
				5B5EE5132A9A3E5B00402D8E /* PersonAddView.swift in Sources */,
				1B3C2D472A98F4A400CAE5B8 /* MedicationModel.swift in Sources */,
				3D5ED5D42A979C2E00CAFCEC /* Ex+ Color.swift in Sources */,
				1B070CB62A99D30900D34A98 /* SearchMedicationModel.swift in Sources */,
				1B070CC02A9A63F700D34A98 /* RecallAlertView.swift in Sources */,
				1B3C2D3E2A98BE4A00CAE5B8 /* MedicineDetailView.swift in Sources */,
			);
			runOnlyForDeploymentPostprocessing = 0;
		};
/* End PBXSourcesBuildPhase section */

/* Begin XCBuildConfiguration section */
		3D5ED5CB2A97962600CAFCEC /* Debug */ = {
			isa = XCBuildConfiguration;
			buildSettings = {
				ALWAYS_SEARCH_USER_PATHS = NO;
				CLANG_ANALYZER_NONNULL = YES;
				CLANG_ANALYZER_NUMBER_OBJECT_CONVERSION = YES_AGGRESSIVE;
				CLANG_CXX_LANGUAGE_STANDARD = "gnu++20";
				CLANG_ENABLE_MODULES = YES;
				CLANG_ENABLE_OBJC_ARC = YES;
				CLANG_ENABLE_OBJC_WEAK = YES;
				CLANG_WARN_BLOCK_CAPTURE_AUTORELEASING = YES;
				CLANG_WARN_BOOL_CONVERSION = YES;
				CLANG_WARN_COMMA = YES;
				CLANG_WARN_CONSTANT_CONVERSION = YES;
				CLANG_WARN_DEPRECATED_OBJC_IMPLEMENTATIONS = YES;
				CLANG_WARN_DIRECT_OBJC_ISA_USAGE = YES_ERROR;
				CLANG_WARN_DOCUMENTATION_COMMENTS = YES;
				CLANG_WARN_EMPTY_BODY = YES;
				CLANG_WARN_ENUM_CONVERSION = YES;
				CLANG_WARN_INFINITE_RECURSION = YES;
				CLANG_WARN_INT_CONVERSION = YES;
				CLANG_WARN_NON_LITERAL_NULL_CONVERSION = YES;
				CLANG_WARN_OBJC_IMPLICIT_RETAIN_SELF = YES;
				CLANG_WARN_OBJC_LITERAL_CONVERSION = YES;
				CLANG_WARN_OBJC_ROOT_CLASS = YES_ERROR;
				CLANG_WARN_QUOTED_INCLUDE_IN_FRAMEWORK_HEADER = YES;
				CLANG_WARN_RANGE_LOOP_ANALYSIS = YES;
				CLANG_WARN_STRICT_PROTOTYPES = YES;
				CLANG_WARN_SUSPICIOUS_MOVE = YES;
				CLANG_WARN_UNGUARDED_AVAILABILITY = YES_AGGRESSIVE;
				CLANG_WARN_UNREACHABLE_CODE = YES;
				CLANG_WARN__DUPLICATE_METHOD_MATCH = YES;
				COPY_PHASE_STRIP = NO;
				DEBUG_INFORMATION_FORMAT = dwarf;
				ENABLE_STRICT_OBJC_MSGSEND = YES;
				ENABLE_TESTABILITY = YES;
				GCC_C_LANGUAGE_STANDARD = gnu11;
				GCC_DYNAMIC_NO_PIC = NO;
				GCC_NO_COMMON_BLOCKS = YES;
				GCC_OPTIMIZATION_LEVEL = 0;
				GCC_PREPROCESSOR_DEFINITIONS = (
					"DEBUG=1",
					"$(inherited)",
				);
				GCC_WARN_64_TO_32_BIT_CONVERSION = YES;
				GCC_WARN_ABOUT_RETURN_TYPE = YES_ERROR;
				GCC_WARN_UNDECLARED_SELECTOR = YES;
				GCC_WARN_UNINITIALIZED_AUTOS = YES_AGGRESSIVE;
				GCC_WARN_UNUSED_FUNCTION = YES;
				GCC_WARN_UNUSED_VARIABLE = YES;
				IPHONEOS_DEPLOYMENT_TARGET = 16.4;
				MTL_ENABLE_DEBUG_INFO = INCLUDE_SOURCE;
				MTL_FAST_MATH = YES;
				ONLY_ACTIVE_ARCH = YES;
				SDKROOT = iphoneos;
				SWIFT_ACTIVE_COMPILATION_CONDITIONS = DEBUG;
				SWIFT_OPTIMIZATION_LEVEL = "-Onone";
			};
			name = Debug;
		};
		3D5ED5CC2A97962600CAFCEC /* Release */ = {
			isa = XCBuildConfiguration;
			buildSettings = {
				ALWAYS_SEARCH_USER_PATHS = NO;
				CLANG_ANALYZER_NONNULL = YES;
				CLANG_ANALYZER_NUMBER_OBJECT_CONVERSION = YES_AGGRESSIVE;
				CLANG_CXX_LANGUAGE_STANDARD = "gnu++20";
				CLANG_ENABLE_MODULES = YES;
				CLANG_ENABLE_OBJC_ARC = YES;
				CLANG_ENABLE_OBJC_WEAK = YES;
				CLANG_WARN_BLOCK_CAPTURE_AUTORELEASING = YES;
				CLANG_WARN_BOOL_CONVERSION = YES;
				CLANG_WARN_COMMA = YES;
				CLANG_WARN_CONSTANT_CONVERSION = YES;
				CLANG_WARN_DEPRECATED_OBJC_IMPLEMENTATIONS = YES;
				CLANG_WARN_DIRECT_OBJC_ISA_USAGE = YES_ERROR;
				CLANG_WARN_DOCUMENTATION_COMMENTS = YES;
				CLANG_WARN_EMPTY_BODY = YES;
				CLANG_WARN_ENUM_CONVERSION = YES;
				CLANG_WARN_INFINITE_RECURSION = YES;
				CLANG_WARN_INT_CONVERSION = YES;
				CLANG_WARN_NON_LITERAL_NULL_CONVERSION = YES;
				CLANG_WARN_OBJC_IMPLICIT_RETAIN_SELF = YES;
				CLANG_WARN_OBJC_LITERAL_CONVERSION = YES;
				CLANG_WARN_OBJC_ROOT_CLASS = YES_ERROR;
				CLANG_WARN_QUOTED_INCLUDE_IN_FRAMEWORK_HEADER = YES;
				CLANG_WARN_RANGE_LOOP_ANALYSIS = YES;
				CLANG_WARN_STRICT_PROTOTYPES = YES;
				CLANG_WARN_SUSPICIOUS_MOVE = YES;
				CLANG_WARN_UNGUARDED_AVAILABILITY = YES_AGGRESSIVE;
				CLANG_WARN_UNREACHABLE_CODE = YES;
				CLANG_WARN__DUPLICATE_METHOD_MATCH = YES;
				COPY_PHASE_STRIP = NO;
				DEBUG_INFORMATION_FORMAT = "dwarf-with-dsym";
				ENABLE_NS_ASSERTIONS = NO;
				ENABLE_STRICT_OBJC_MSGSEND = YES;
				GCC_C_LANGUAGE_STANDARD = gnu11;
				GCC_NO_COMMON_BLOCKS = YES;
				GCC_WARN_64_TO_32_BIT_CONVERSION = YES;
				GCC_WARN_ABOUT_RETURN_TYPE = YES_ERROR;
				GCC_WARN_UNDECLARED_SELECTOR = YES;
				GCC_WARN_UNINITIALIZED_AUTOS = YES_AGGRESSIVE;
				GCC_WARN_UNUSED_FUNCTION = YES;
				GCC_WARN_UNUSED_VARIABLE = YES;
				IPHONEOS_DEPLOYMENT_TARGET = 16.4;
				MTL_ENABLE_DEBUG_INFO = NO;
				MTL_FAST_MATH = YES;
				SDKROOT = iphoneos;
				SWIFT_COMPILATION_MODE = wholemodule;
				SWIFT_OPTIMIZATION_LEVEL = "-O";
				VALIDATE_PRODUCT = YES;
			};
			name = Release;
		};
		3D5ED5CE2A97962600CAFCEC /* Debug */ = {
			isa = XCBuildConfiguration;
			buildSettings = {
				ASSETCATALOG_COMPILER_APPICON_NAME = AppIcon;
				ASSETCATALOG_COMPILER_GLOBAL_ACCENT_COLOR_NAME = AccentColor;
				CODE_SIGN_STYLE = Automatic;
				CURRENT_PROJECT_VERSION = 1;
				DEVELOPMENT_ASSET_PATHS = "\"Yakssok/Preview Content\"";
				DEVELOPMENT_TEAM = 5Z238234D5;
				ENABLE_PREVIEWS = YES;
				GENERATE_INFOPLIST_FILE = YES;
				INFOPLIST_FILE = Yakssok/Resources/Info.plist;
				INFOPLIST_KEY_UIApplicationSceneManifest_Generation = YES;
				INFOPLIST_KEY_UIApplicationSupportsIndirectInputEvents = YES;
				INFOPLIST_KEY_UILaunchScreen_Generation = YES;
				INFOPLIST_KEY_UISupportedInterfaceOrientations = UIInterfaceOrientationPortrait;
				INFOPLIST_KEY_UISupportedInterfaceOrientations_iPad = "UIInterfaceOrientationLandscapeLeft UIInterfaceOrientationLandscapeRight UIInterfaceOrientationPortrait UIInterfaceOrientationPortraitUpsideDown";
				INFOPLIST_KEY_UIUserInterfaceStyle = Light;
				LD_RUNPATH_SEARCH_PATHS = (
					"$(inherited)",
					"@executable_path/Frameworks",
				);
				MARKETING_VERSION = 1.0;
				PRODUCT_BUNDLE_IDENTIFIER = newyork.Yakssok;
				PRODUCT_NAME = "$(TARGET_NAME)";
				SWIFT_EMIT_LOC_STRINGS = YES;
				SWIFT_VERSION = 5.0;
				TARGETED_DEVICE_FAMILY = "1,2";
			};
			name = Debug;
		};
		3D5ED5CF2A97962600CAFCEC /* Release */ = {
			isa = XCBuildConfiguration;
			buildSettings = {
				ASSETCATALOG_COMPILER_APPICON_NAME = AppIcon;
				ASSETCATALOG_COMPILER_GLOBAL_ACCENT_COLOR_NAME = AccentColor;
				CODE_SIGN_STYLE = Automatic;
				CURRENT_PROJECT_VERSION = 1;
				DEVELOPMENT_ASSET_PATHS = "\"Yakssok/Preview Content\"";
				DEVELOPMENT_TEAM = 5Z238234D5;
				ENABLE_PREVIEWS = YES;
				GENERATE_INFOPLIST_FILE = YES;
				INFOPLIST_FILE = Yakssok/Resources/Info.plist;
				INFOPLIST_KEY_UIApplicationSceneManifest_Generation = YES;
				INFOPLIST_KEY_UIApplicationSupportsIndirectInputEvents = YES;
				INFOPLIST_KEY_UILaunchScreen_Generation = YES;
				INFOPLIST_KEY_UISupportedInterfaceOrientations = UIInterfaceOrientationPortrait;
				INFOPLIST_KEY_UISupportedInterfaceOrientations_iPad = "UIInterfaceOrientationLandscapeLeft UIInterfaceOrientationLandscapeRight UIInterfaceOrientationPortrait UIInterfaceOrientationPortraitUpsideDown";
				INFOPLIST_KEY_UIUserInterfaceStyle = Light;
				LD_RUNPATH_SEARCH_PATHS = (
					"$(inherited)",
					"@executable_path/Frameworks",
				);
				MARKETING_VERSION = 1.0;
				PRODUCT_BUNDLE_IDENTIFIER = newyork.Yakssok;
				PRODUCT_NAME = "$(TARGET_NAME)";
				SWIFT_EMIT_LOC_STRINGS = YES;
				SWIFT_VERSION = 5.0;
				TARGETED_DEVICE_FAMILY = "1,2";
			};
			name = Release;
		};
/* End XCBuildConfiguration section */

/* Begin XCConfigurationList section */
		3D5ED5BA2A97962500CAFCEC /* Build configuration list for PBXProject "Yakssok" */ = {
			isa = XCConfigurationList;
			buildConfigurations = (
				3D5ED5CB2A97962600CAFCEC /* Debug */,
				3D5ED5CC2A97962600CAFCEC /* Release */,
			);
			defaultConfigurationIsVisible = 0;
			defaultConfigurationName = Release;
		};
		3D5ED5CD2A97962600CAFCEC /* Build configuration list for PBXNativeTarget "Yakssok" */ = {
			isa = XCConfigurationList;
			buildConfigurations = (
				3D5ED5CE2A97962600CAFCEC /* Debug */,
				3D5ED5CF2A97962600CAFCEC /* Release */,
			);
			defaultConfigurationIsVisible = 0;
			defaultConfigurationName = Release;
		};
/* End XCConfigurationList section */

/* Begin XCRemoteSwiftPackageReference section */
		1B3C2D3F2A98E7BD00CAE5B8 /* XCRemoteSwiftPackageReference "SwiftSoup" */ = {
			isa = XCRemoteSwiftPackageReference;
			repositoryURL = "https://github.com/scinfu/SwiftSoup.git";
			requirement = {
				kind = upToNextMajorVersion;
				minimumVersion = 2.0.0;
			};
		};
/* End XCRemoteSwiftPackageReference section */

/* Begin XCSwiftPackageProductDependency section */
		1B3C2D402A98E7BE00CAE5B8 /* SwiftSoup */ = {
			isa = XCSwiftPackageProductDependency;
			package = 1B3C2D3F2A98E7BD00CAE5B8 /* XCRemoteSwiftPackageReference "SwiftSoup" */;
			productName = SwiftSoup;
		};
/* End XCSwiftPackageProductDependency section */
	};
	rootObject = 3D5ED5B72A97962500CAFCEC /* Project object */;
}
